
Microsoft Visual Studio Solution File, Format Version 12.00
# Visual Studio Version 17
VisualStudioVersion = 17.0.32112.339
MinimumVisualStudioVersion = 10.0.40219.1
Project("{FAE04EC0-301F-11D3-BF4B-00C04F79EFBC}") = "Exchange", "Exchange.csproj", "{3196F35C-D16E-45D0-A94D-FAD56F49BE22}"
EndProject
Global
	GlobalSection(SolutionConfigurationPlatforms) = preSolution
		Debug|Any CPU = Debug|Any CPU
		Release|Any CPU = Release|Any CPU
	EndGlobalSection
	GlobalSection(ProjectConfigurationPlatforms) = postSolution
		{3196F35C-D16E-45D0-A94D-FAD56F49BE22}.Debug|Any CPU.ActiveCfg = Debug|Any CPU
		{3196F35C-D16E-45D0-A94D-FAD56F49BE22}.Debug|Any CPU.Build.0 = Debug|Any CPU
		{3196F35C-D16E-45D0-A94D-FAD56F49BE22}.Release|Any CPU.ActiveCfg = Release|Any CPU
		{3196F35C-D16E-45D0-A94D-FAD56F49BE22}.Release|Any CPU.Build.0 = Release|Any CPU
	EndGlobalSection
	GlobalSection(SolutionProperties) = preSolution
		HideSolutionNode = FALSE
	EndGlobalSection
	GlobalSection(ExtensibilityGlobals) = postSolution
		SolutionGuid = {89884DA9-C579-4890-B307-C54DFE9BFB2F}
	EndGlobalSection
EndGlobal
